PODS:
  - FlutterMacOS (1.0.0)
  - open_file_mac (1.0.3):
    - FlutterMacOS
  - printing (1.0.0):
    - FlutterMacOS
  - url_launcher_macos (0.0.1):
    - FlutterMacOS

DEPENDENCIES:
  - FlutterMacOS (from `Flutter/ephemeral`)
  - open_file_mac (from `Flutter/ephemeral/.symlinks/plugins/open_file_mac/macos`)
  - printing (from `Flutter/ephemeral/.symlinks/plugins/printing/macos`)
  - url_launcher_macos (from `Flutter/ephemeral/.symlinks/plugins/url_launcher_macos/macos`)

EXTERNAL SOURCES:
  FlutterMacOS:
    :path: Flutter/ephemeral
  open_file_mac:
    :path: Flutter/ephemeral/.symlinks/plugins/open_file_mac/macos
  printing:
    :path: Flutter/ephemeral/.symlinks/plugins/printing/macos
  url_launcher_macos:
    :path: Flutter/ephemeral/.symlinks/plugins/url_launcher_macos/macos

SPEC CHECKSUMS:
  FlutterMacOS: d0db08ddef1a9af05a5ec4b724367152bb0500b1
  open_file_mac: 4de820e1d27310e4d947a59f6d7f9b876af405fb
  printing: 21cad72d1185754ed5cadc9e6639c1668d933c38
  url_launcher_macos: 175a54c831f4375a6cf895875f716ee5af3888ce

PODFILE CHECKSUM: 1b29b575031b812e1e7a7cf698aec84e8b2cab1e

COCOAPODS: 1.16.2
